{
  "requires": true,
  "lockfileVersion": 1,
  "dependencies": {
    "@babel/helper-module-imports": {
      "version": "7.12.5",
      "resolved": "https://registry.npmjs.org/@babel/helper-module-imports/-/helper-module-imports-7.12.5.tgz",
      "integrity": "sha512-SR713Ogqg6++uexFRORf/+nPXMmWIn80TALu0uaFb+iQIUoR7bOC7zBWyzBs5b3tBBJXuyD0cRu1F15GyzjOWA==",
      "dev": true,
      "requires": {
        "@babel/types": "^7.12.5"
      }
    },
    "@babel/helper-validator-identifier": {
      "version": "7.10.4",
      "resolved": "https://registry.npmjs.org/@babel/helper-validator-identifier/-/helper-validator-identifier-7.10.4.tgz",
      "integrity": "sha512-3U9y+43hz7ZM+rzG24Qe2mufW5KhvFg/NhnNph+i9mgCtdTCtMJuI1TMkrIUiK7Ix4PYlRF9I5dhqaLYA/ADXw==",
      "dev": true
    },
    "@babel/runtime": {
      "version": "7.12.5",
      "resolved": "https://registry.npmjs.org/@babel/runtime/-/runtime-7.12.5.tgz",
      "integrity": "sha512-plcc+hbExy3McchJCEQG3knOsuh3HH+Prx1P6cLIkET/0dLuQDEnrT+s27Axgc9bqfsmNUNHfscgMUdBpC9xfg==",
      "requires": {
        "regenerator-runtime": "^0.13.4"
      }
    },
    "@babel/types": {
      "version": "7.12.7",
      "resolved": "https://registry.npmjs.org/@babel/types/-/types-7.12.7.tgz",
      "integrity": "sha512-MNyI92qZq6jrQkXvtIiykvl4WtoRrVV9MPn+ZfsoEENjiWcBQ3ZSHrkxnJWgWtLX3XXqX5hrSQ+X69wkmesXuQ==",
      "dev": true,
      "requires": {
        "@babel/helper-validator-identifier": "^7.10.4",
        "lodash": "^4.17.19",
        "to-fast-properties": "^2.0.0"
      }
    },
    "@popperjs/core": {
      "version": "2.5.4",
      "resolved": "https://registry.npmjs.org/@popperjs/core/-/core-2.5.4.tgz",
      "integrity": "sha512-ZpKr+WTb8zsajqgDkvCEWgp6d5eJT6Q63Ng2neTbzBO76Lbe91vX/iVIW9dikq+Fs3yEo+ls4cxeXABD2LtcbQ=="
    },
    "@vant/icons": {
      "version": "1.4.0",
      "resolved": "https://registry.npmjs.org/@vant/icons/-/icons-1.4.0.tgz",
      "integrity": "sha512-96k+x00FqdGAQeTWrHEJ6C+QNifPQu58W9mv8pJAQ7VQ527KV9GHQT7m2TT+PhHXejDENYhlpW/XWOB66j8r8w=="
    },
    "@vant/popperjs": {
      "version": "1.0.0",
      "resolved": "https://registry.npmjs.org/@vant/popperjs/-/popperjs-1.0.0.tgz",
      "integrity": "sha512-2OAl3URmH37OOATcKuT8iuZozoZVNMc8iLLZvurWZqHlWlAojsDHm7lQ2OKlAV4jlxbiFJt0en6DY+WlxHvN9w==",
      "requires": {
        "@popperjs/core": "^2.5.4"
      }
    },
    "@vue/babel-helper-vue-jsx-merge-props": {
      "version": "1.2.1",
      "resolved": "https://registry.npmjs.org/@vue/babel-helper-vue-jsx-merge-props/-/babel-helper-vue-jsx-merge-props-1.2.1.tgz",
      "integrity": "sha512-QOi5OW45e2R20VygMSNhyQHvpdUwQZqGPc748JLGCYEy+yp8fNFNdbNIGAgZmi9e+2JHPd6i6idRuqivyicIkA=="
    },
    "babel-plugin-import": {
      "version": "1.13.3",
      "resolved": "https://registry.npmjs.org/babel-plugin-import/-/babel-plugin-import-1.13.3.tgz",
      "integrity": "sha512-1qCWdljJOrDRH/ybaCZuDgySii4yYrtQ8OJQwrcDqdt0y67N30ng3X3nABg6j7gR7qUJgcMa9OMhc4AGViDwWw==",
      "dev": true,
      "requires": {
        "@babel/helper-module-imports": "^7.0.0",
        "@babel/runtime": "^7.0.0"
      }
    },
    "lodash": {
      "version": "4.17.20",
      "resolved": "https://registry.npmjs.org/lodash/-/lodash-4.17.20.tgz",
      "integrity": "sha512-PlhdFcillOINfeV7Ni6oF1TAEayyZBoZ8bcshTHqOYJYlrqzRK5hagpagky5o4HfCzzd1TRkXPMFq6cKk9rGmA==",
      "dev": true
    },
    "regenerator-runtime": {
      "version": "0.13.7",
      "resolved": "https://registry.npmjs.org/regenerator-runtime/-/regenerator-runtime-0.13.7.tgz",
      "integrity": "sha512-a54FxoJDIr27pgf7IgeQGxmqUNYrcV338lf/6gH456HZ/PhX+5BcwHXG9ajESmwe6WRO0tAzRUrRmNONWgkrew=="
    },
    "to-fast-properties": {
      "version": "2.0.0",
      "resolved": "https://registry.npmjs.org/to-fast-properties/-/to-fast-properties-2.0.0.tgz",
      "integrity": "sha1-3F5pjL0HkmW8c+A3doGk5Og/YW4=",
      "dev": true
    },
    "vant": {
      "version": "2.11.1",
      "resolved": "https://registry.npmjs.org/vant/-/vant-2.11.1.tgz",
      "integrity": "sha512-w98McSiJLQUiud8HV0k1SokJhF9s2lmqIwVm2IH64/HBEhCLaFgRYxDe5oeRIWNSP06K3NK95NTp7aUaWs/X2w==",
      "requires": {
        "@babel/runtime": "7.x",
        "@vant/icons": "1.4.0",
        "@vant/popperjs": "^1.0.0",
        "@vue/babel-helper-vue-jsx-merge-props": "^1.0.0",
        "vue-lazyload": "1.2.3"
      }
    },
    "vue-lazyload": {
      "version": "1.2.3",
      "resolved": "https://registry.npmjs.org/vue-lazyload/-/vue-lazyload-1.2.3.tgz",
      "integrity": "sha512-DC0ZwxanbRhx79tlA3zY5OYJkH8FYp3WBAnAJbrcuoS8eye1P73rcgAZhyxFSPUluJUTelMB+i/+VkNU/qVm7g=="
    }
  }
}
